// !$*UTF8*$!
{
	archiveVersion = 1;
	classes = {
	};
	objectVersion = 46;
	objects = {

/* Begin PBXBuildFile section */
		443398271E11F1940026FA59 /* DoubleLinkList.m in Sources */ = {isa = PBXBuildFile; fileRef = 443398211E11F1940026FA59 /* DoubleLinkList.m */; };
		443398281E11F1940026FA59 /* List.m in Sources */ = {isa = PBXBuildFile; fileRef = 443398231E11F1940026FA59 /* List.m */; };
		443398291E11F1940026FA59 /* ListNode.m in Sources */ = {isa = PBXBuildFile; fileRef = 443398251E11F1940026FA59 /* ListNode.m */; };
		4433982C1E11F1BB0026FA59 /* main.m in Sources */ = {isa = PBXBuildFile; fileRef = 4433982B1E11F1BB0026FA59 /* main.m */; };
		4433984D1E11F3250026FA59 /* AdGraph.m in Sources */ = {isa = PBXBuildFile; fileRef = 4433982F1E11F3250026FA59 /* AdGraph.m */; };
		4433984E1E11F3250026FA59 /* AdGraphArcNode.m in Sources */ = {isa = PBXBuildFile; fileRef = 443398311E11F3250026FA59 /* AdGraphArcNode.m */; };
		4433984F1E11F3250026FA59 /* AdGraphVNode.m in Sources */ = {isa = PBXBuildFile; fileRef = 443398331E11F3250026FA59 /* AdGraphVNode.m */; };
		443398521E11F3250026FA59 /* OLGraph.m in Sources */ = {isa = PBXBuildFile; fileRef = 443398391E11F3250026FA59 /* OLGraph.m */; };
		443398531E11F3250026FA59 /* OLGraphArcNode.m in Sources */ = {isa = PBXBuildFile; fileRef = 4433983B1E11F3250026FA59 /* OLGraphArcNode.m */; };
		443398541E11F3250026FA59 /* OLGraphVNode.m in Sources */ = {isa = PBXBuildFile; fileRef = 4433983D1E11F3250026FA59 /* OLGraphVNode.m */; };
		443398551E11F3250026FA59 /* Queue.m in Sources */ = {isa = PBXBuildFile; fileRef = 443398401E11F3250026FA59 /* Queue.m */; };
		443398561E11F3250026FA59 /* Stack.m in Sources */ = {isa = PBXBuildFile; fileRef = 443398431E11F3250026FA59 /* Stack.m */; };
		443398571E11F3250026FA59 /* BinaryTree.m in Sources */ = {isa = PBXBuildFile; fileRef = 443398461E11F3250026FA59 /* BinaryTree.m */; };
		443398581E11F3250026FA59 /* BinaryTreeNode.m in Sources */ = {isa = PBXBuildFile; fileRef = 443398481E11F3250026FA59 /* BinaryTreeNode.m */; };
		443398591E11F3250026FA59 /* Tree.m in Sources */ = {isa = PBXBuildFile; fileRef = 4433984A1E11F3250026FA59 /* Tree.m */; };
		4433985A1E11F3250026FA59 /* TreeNode.m in Sources */ = {isa = PBXBuildFile; fileRef = 4433984C1E11F3250026FA59 /* TreeNode.m */; };
/* End PBXBuildFile section */

/* Begin PBXCopyFilesBuildPhase section */
		441E3AFB1BD79FDE004CEC19 /* CopyFiles */ = {
			isa = PBXCopyFilesBuildPhase;
			buildActionMask = 2147483647;
			dstPath = /usr/share/man/man1/;
			dstSubfolderSpec = 0;
			files = (
			);
			runOnlyForDeploymentPostprocessing = 1;
		};
/* End PBXCopyFilesBuildPhase section */

/* Begin PBXFileReference section */
		441E3AFD1BD79FDE004CEC19 /* LSQTG */ = {isa = PBXFileReference; explicitFileType = "compiled.mach-o.executable"; includeInIndex = 0; path = LSQTG; sourceTree = BUILT_PRODUCTS_DIR; };
		443398201E11F1940026FA59 /* DoubleLinkList.h */ = {isa = PBXFileReference; fileEncoding = 4; lastKnownFileType = sourcecode.c.h; path = DoubleLinkList.h; sourceTree = "<group>"; };
		443398211E11F1940026FA59 /* DoubleLinkList.m */ = {isa = PBXFileReference; fileEncoding = 4; lastKnownFileType = sourcecode.c.objc; path = DoubleLinkList.m; sourceTree = "<group>"; };
		443398221E11F1940026FA59 /* List.h */ = {isa = PBXFileReference; fileEncoding = 4; lastKnownFileType = sourcecode.c.h; path = List.h; sourceTree = "<group>"; };
		443398231E11F1940026FA59 /* List.m */ = {isa = PBXFileReference; fileEncoding = 4; lastKnownFileType = sourcecode.c.objc; path = List.m; sourceTree = "<group>"; };
		443398241E11F1940026FA59 /* ListNode.h */ = {isa = PBXFileReference; fileEncoding = 4; lastKnownFileType = sourcecode.c.h; path = ListNode.h; sourceTree = "<group>"; };
		443398251E11F1940026FA59 /* ListNode.m */ = {isa = PBXFileReference; fileEncoding = 4; lastKnownFileType = sourcecode.c.objc; path = ListNode.m; sourceTree = "<group>"; };
		4433982B1E11F1BB0026FA59 /* main.m */ = {isa = PBXFileReference; fileEncoding = 4; lastKnownFileType = sourcecode.c.objc; path = main.m; sourceTree = "<group>"; };
		4433982E1E11F3250026FA59 /* AdGraph.h */ = {isa = PBXFileReference; fileEncoding = 4; lastKnownFileType = sourcecode.c.h; path = AdGraph.h; sourceTree = "<group>"; };
		4433982F1E11F3250026FA59 /* AdGraph.m */ = {isa = PBXFileReference; fileEncoding = 4; lastKnownFileType = sourcecode.c.objc; path = AdGraph.m; sourceTree = "<group>"; };
		443398301E11F3250026FA59 /* AdGraphArcNode.h */ = {isa = PBXFileReference; fileEncoding = 4; lastKnownFileType = sourcecode.c.h; path = AdGraphArcNode.h; sourceTree = "<group>"; };
		443398311E11F3250026FA59 /* AdGraphArcNode.m */ = {isa = PBXFileReference; fileEncoding = 4; lastKnownFileType = sourcecode.c.objc; path = AdGraphArcNode.m; sourceTree = "<group>"; };
		443398321E11F3250026FA59 /* AdGraphVNode.h */ = {isa = PBXFileReference; fileEncoding = 4; lastKnownFileType = sourcecode.c.h; path = AdGraphVNode.h; sourceTree = "<group>"; };
		443398331E11F3250026FA59 /* AdGraphVNode.m */ = {isa = PBXFileReference; fileEncoding = 4; lastKnownFileType = sourcecode.c.objc; path = AdGraphVNode.m; sourceTree = "<group>"; };
		443398381E11F3250026FA59 /* OLGraph.h */ = {isa = PBXFileReference; fileEncoding = 4; lastKnownFileType = sourcecode.c.h; path = OLGraph.h; sourceTree = "<group>"; };
		443398391E11F3250026FA59 /* OLGraph.m */ = {isa = PBXFileReference; fileEncoding = 4; lastKnownFileType = sourcecode.c.objc; path = OLGraph.m; sourceTree = "<group>"; };
		4433983A1E11F3250026FA59 /* OLGraphArcNode.h */ = {isa = PBXFileReference; fileEncoding = 4; lastKnownFileType = sourcecode.c.h; path = OLGraphArcNode.h; sourceTree = "<group>"; };
		4433983B1E11F3250026FA59 /* OLGraphArcNode.m */ = {isa = PBXFileReference; fileEncoding = 4; lastKnownFileType = sourcecode.c.objc; path = OLGraphArcNode.m; sourceTree = "<group>"; };
		4433983C1E11F3250026FA59 /* OLGraphVNode.h */ = {isa = PBXFileReference; fileEncoding = 4; lastKnownFileType = sourcecode.c.h; path = OLGraphVNode.h; sourceTree = "<group>"; };
		4433983D1E11F3250026FA59 /* OLGraphVNode.m */ = {isa = PBXFileReference; fileEncoding = 4; lastKnownFileType = sourcecode.c.objc; path = OLGraphVNode.m; sourceTree = "<group>"; };
		4433983F1E11F3250026FA59 /* Queue.h */ = {isa = PBXFileReference; fileEncoding = 4; lastKnownFileType = sourcecode.c.h; path = Queue.h; sourceTree = "<group>"; };
		443398401E11F3250026FA59 /* Queue.m */ = {isa = PBXFileReference; fileEncoding = 4; lastKnownFileType = sourcecode.c.objc; path = Queue.m; sourceTree = "<group>"; };
		443398421E11F3250026FA59 /* Stack.h */ = {isa = PBXFileReference; fileEncoding = 4; lastKnownFileType = sourcecode.c.h; path = Stack.h; sourceTree = "<group>"; };
		443398431E11F3250026FA59 /* Stack.m */ = {isa = PBXFileReference; fileEncoding = 4; lastKnownFileType = sourcecode.c.objc; path = Stack.m; sourceTree = "<group>"; };
		443398451E11F3250026FA59 /* BinaryTree.h */ = {isa = PBXFileReference; fileEncoding = 4; lastKnownFileType = sourcecode.c.h; path = BinaryTree.h; sourceTree = "<group>"; };
		443398461E11F3250026FA59 /* BinaryTree.m */ = {isa = PBXFileReference; fileEncoding = 4; lastKnownFileType = sourcecode.c.objc; path = BinaryTree.m; sourceTree = "<group>"; };
		443398471E11F3250026FA59 /* BinaryTreeNode.h */ = {isa = PBXFileReference; fileEncoding = 4; lastKnownFileType = sourcecode.c.h; path = BinaryTreeNode.h; sourceTree = "<group>"; };
		443398481E11F3250026FA59 /* BinaryTreeNode.m */ = {isa = PBXFileReference; fileEncoding = 4; lastKnownFileType = sourcecode.c.objc; path = BinaryTreeNode.m; sourceTree = "<group>"; };
		443398491E11F3250026FA59 /* Tree.h */ = {isa = PBXFileReference; fileEncoding = 4; lastKnownFileType = sourcecode.c.h; path = Tree.h; sourceTree = "<group>"; };
		4433984A1E11F3250026FA59 /* Tree.m */ = {isa = PBXFileReference; fileEncoding = 4; lastKnownFileType = sourcecode.c.objc; path = Tree.m; sourceTree = "<group>"; };
		4433984B1E11F3250026FA59 /* TreeNode.h */ = {isa = PBXFileReference; fileEncoding = 4; lastKnownFileType = sourcecode.c.h; path = TreeNode.h; sourceTree = "<group>"; };
		4433984C1E11F3250026FA59 /* TreeNode.m */ = {isa = PBXFileReference; fileEncoding = 4; lastKnownFileType = sourcecode.c.objc; path = TreeNode.m; sourceTree = "<group>"; };
		44B634891E12452C002C28AC /* ViDataStructures.h */ = {isa = PBXFileReference; lastKnownFileType = sourcecode.c.h; path = ViDataStructures.h; sourceTree = "<group>"; };
/* End PBXFileReference section */

/* Begin PBXFrameworksBuildPhase section */
		441E3AFA1BD79FDE004CEC19 /* Frameworks */ = {
			isa = PBXFrameworksBuildPhase;
			buildActionMask = 2147483647;
			files = (
			);
			runOnlyForDeploymentPostprocessing = 0;
		};
/* End PBXFrameworksBuildPhase section */

/* Begin PBXGroup section */
		441E3AF41BD79FDE004CEC19 = {
			isa = PBXGroup;
			children = (
				44B634891E12452C002C28AC /* ViDataStructures.h */,
				4433982D1E11F3250026FA59 /* Graph */,
				4433983E1E11F3250026FA59 /* Queue */,
				443398411E11F3250026FA59 /* Stack */,
				443398441E11F3250026FA59 /* Tree */,
				4433982B1E11F1BB0026FA59 /* main.m */,
				4433981F1E11F1940026FA59 /* LinkList */,
				44E0FCDE1BF62B0A00B2DCA1 /* test */,
				441E3AFE1BD79FDE004CEC19 /* Products */,
			);
			sourceTree = "<group>";
		};
		441E3AFE1BD79FDE004CEC19 /* Products */ = {
			isa = PBXGroup;
			children = (
				441E3AFD1BD79FDE004CEC19 /* LSQTG */,
			);
			name = Products;
			sourceTree = "<group>";
		};
		4433981F1E11F1940026FA59 /* LinkList */ = {
			isa = PBXGroup;
			children = (
				443398201E11F1940026FA59 /* DoubleLinkList.h */,
				443398211E11F1940026FA59 /* DoubleLinkList.m */,
				443398221E11F1940026FA59 /* List.h */,
				443398231E11F1940026FA59 /* List.m */,
				443398241E11F1940026FA59 /* ListNode.h */,
				443398251E11F1940026FA59 /* ListNode.m */,
			);
			path = LinkList;
			sourceTree = "<group>";
		};
		4433982D1E11F3250026FA59 /* Graph */ = {
			isa = PBXGroup;
			children = (
				4433982E1E11F3250026FA59 /* AdGraph.h */,
				4433982F1E11F3250026FA59 /* AdGraph.m */,
				443398301E11F3250026FA59 /* AdGraphArcNode.h */,
				443398311E11F3250026FA59 /* AdGraphArcNode.m */,
				443398321E11F3250026FA59 /* AdGraphVNode.h */,
				443398331E11F3250026FA59 /* AdGraphVNode.m */,
				443398381E11F3250026FA59 /* OLGraph.h */,
				443398391E11F3250026FA59 /* OLGraph.m */,
				4433983A1E11F3250026FA59 /* OLGraphArcNode.h */,
				4433983B1E11F3250026FA59 /* OLGraphArcNode.m */,
				4433983C1E11F3250026FA59 /* OLGraphVNode.h */,
				4433983D1E11F3250026FA59 /* OLGraphVNode.m */,
			);
			path = Graph;
			sourceTree = "<group>";
		};
		4433983E1E11F3250026FA59 /* Queue */ = {
			isa = PBXGroup;
			children = (
				4433983F1E11F3250026FA59 /* Queue.h */,
				443398401E11F3250026FA59 /* Queue.m */,
			);
			path = Queue;
			sourceTree = "<group>";
		};
		443398411E11F3250026FA59 /* Stack */ = {
			isa = PBXGroup;
			children = (
				443398421E11F3250026FA59 /* Stack.h */,
				443398431E11F3250026FA59 /* Stack.m */,
			);
			path = Stack;
			sourceTree = "<group>";
		};
		443398441E11F3250026FA59 /* Tree */ = {
			isa = PBXGroup;
			children = (
				443398451E11F3250026FA59 /* BinaryTree.h */,
				443398461E11F3250026FA59 /* BinaryTree.m */,
				443398471E11F3250026FA59 /* BinaryTreeNode.h */,
				443398481E11F3250026FA59 /* BinaryTreeNode.m */,
				443398491E11F3250026FA59 /* Tree.h */,
				4433984A1E11F3250026FA59 /* Tree.m */,
				4433984B1E11F3250026FA59 /* TreeNode.h */,
				4433984C1E11F3250026FA59 /* TreeNode.m */,
			);
			path = Tree;
			sourceTree = "<group>";
		};
		44E0FCDE1BF62B0A00B2DCA1 /* test */ = {
			isa = PBXGroup;
			children = (
			);
			name = test;
			sourceTree = "<group>";
		};
/* End PBXGroup section */

/* Begin PBXNativeTarget section */
		441E3AFC1BD79FDE004CEC19 /* dataStructures */ = {
			isa = PBXNativeTarget;
			buildConfigurationList = 441E3B041BD79FDE004CEC19 /* Build configuration list for PBXNativeTarget "dataStructures" */;
			buildPhases = (
				441E3AF91BD79FDE004CEC19 /* Sources */,
				441E3AFA1BD79FDE004CEC19 /* Frameworks */,
				441E3AFB1BD79FDE004CEC19 /* CopyFiles */,
			);
			buildRules = (
			);
			dependencies = (
			);
			name = dataStructures;
			productName = List;
			productReference = 441E3AFD1BD79FDE004CEC19 /* LSQTG */;
			productType = "com.apple.product-type.tool";
		};
/* End PBXNativeTarget section */

/* Begin PBXProject section */
		441E3AF51BD79FDE004CEC19 /* Project object */ = {
			isa = PBXProject;
			attributes = {
				LastUpgradeCheck = 0700;
				ORGANIZATIONNAME = Vincent_D;
				TargetAttributes = {
					441E3AFC1BD79FDE004CEC19 = {
						CreatedOnToolsVersion = 7.0;
					};
				};
			};
			buildConfigurationList = 441E3AF81BD79FDE004CEC19 /* Build configuration list for PBXProject "dataStructures" */;
			compatibilityVersion = "Xcode 3.2";
			developmentRegion = English;
			hasScannedForEncodings = 0;
			knownRegions = (
				en,
			);
			mainGroup = 441E3AF41BD79FDE004CEC19;
			productRefGroup = 441E3AFE1BD79FDE004CEC19 /* Products */;
			projectDirPath = "";
			projectRoot = "";
			targets = (
				441E3AFC1BD79FDE004CEC19 /* dataStructures */,
			);
		};
/* End PBXProject section */

/* Begin PBXSourcesBuildPhase section */
		441E3AF91BD79FDE004CEC19 /* Sources */ = {
			isa = PBXSourcesBuildPhase;
			buildActionMask = 2147483647;
			files = (
				443398291E11F1940026FA59 /* ListNode.m in Sources */,
				4433985A1E11F3250026FA59 /* TreeNode.m in Sources */,
				443398271E11F1940026FA59 /* DoubleLinkList.m in Sources */,
				4433984F1E11F3250026FA59 /* AdGraphVNode.m in Sources */,
				443398591E11F3250026FA59 /* Tree.m in Sources */,
				443398521E11F3250026FA59 /* OLGraph.m in Sources */,
				4433984D1E11F3250026FA59 /* AdGraph.m in Sources */,
				443398581E11F3250026FA59 /* BinaryTreeNode.m in Sources */,
				443398561E11F3250026FA59 /* Stack.m in Sources */,
				443398541E11F3250026FA59 /* OLGraphVNode.m in Sources */,
				443398551E11F3250026FA59 /* Queue.m in Sources */,
				4433982C1E11F1BB0026FA59 /* main.m in Sources */,
				443398571E11F3250026FA59 /* BinaryTree.m in Sources */,
				4433984E1E11F3250026FA59 /* AdGraphArcNode.m in Sources */,
				443398281E11F1940026FA59 /* List.m in Sources */,
				443398531E11F3250026FA59 /* OLGraphArcNode.m in Sources */,
			);
			runOnlyForDeploymentPostprocessing = 0;
		};
/* End PBXSourcesBuildPhase section */

/* Begin XCBuildConfiguration section */
		441E3B021BD79FDE004CEC19 /* Debug */ = {
			isa = XCBuildConfiguration;
			buildSettings = {
				ALWAYS_SEARCH_USER_PATHS = NO;
				CLANG_CXX_LANGUAGE_STANDARD = "gnu++0x";
				CLANG_CXX_LIBRARY = "libc++";
				CLANG_ENABLE_MODULES = YES;
				CLANG_ENABLE_OBJC_ARC = YES;
				CLANG_WARN_BOOL_CONVERSION = YES;
				CLANG_WARN_CONSTANT_CONVERSION = YES;
				CLANG_WARN_DIRECT_OBJC_ISA_USAGE = YES_ERROR;
				CLANG_WARN_EMPTY_BODY = YES;
				CLANG_WARN_ENUM_CONVERSION = YES;
				CLANG_WARN_INT_CONVERSION = YES;
				CLANG_WARN_OBJC_ROOT_CLASS = YES_ERROR;
				CLANG_WARN_UNREACHABLE_CODE = YES;
				CLANG_WARN__DUPLICATE_METHOD_MATCH = YES;
				COPY_PHASE_STRIP = NO;
				DEBUG_INFORMATION_FORMAT = dwarf;
				ENABLE_STRICT_OBJC_MSGSEND = YES;
				ENABLE_TESTABILITY = YES;
				GCC_C_LANGUAGE_STANDARD = gnu99;
				GCC_DYNAMIC_NO_PIC = NO;
				GCC_NO_COMMON_BLOCKS = YES;
				GCC_OPTIMIZATION_LEVEL = 0;
				GCC_PREPROCESSOR_DEFINITIONS = (
					"DEBUG=1",
					"$(inherited)",
				);
				GCC_WARN_64_TO_32_BIT_CONVERSION = YES;
				GCC_WARN_ABOUT_RETURN_TYPE = YES_ERROR;
				GCC_WARN_UNDECLARED_SELECTOR = YES;
				GCC_WARN_UNINITIALIZED_AUTOS = YES_AGGRESSIVE;
				GCC_WARN_UNUSED_FUNCTION = YES;
				GCC_WARN_UNUSED_VARIABLE = YES;
				MACOSX_DEPLOYMENT_TARGET = 10.10;
				MTL_ENABLE_DEBUG_INFO = YES;
				ONLY_ACTIVE_ARCH = YES;
				SDKROOT = macosx;
			};
			name = Debug;
		};
		441E3B031BD79FDE004CEC19 /* Release */ = {
			isa = XCBuildConfiguration;
			buildSettings = {
				ALWAYS_SEARCH_USER_PATHS = NO;
				CLANG_CXX_LANGUAGE_STANDARD = "gnu++0x";
				CLANG_CXX_LIBRARY = "libc++";
				CLANG_ENABLE_MODULES = YES;
				CLANG_ENABLE_OBJC_ARC = YES;
				CLANG_WARN_BOOL_CONVERSION = YES;
				CLANG_WARN_CONSTANT_CONVERSION = YES;
				CLANG_WARN_DIRECT_OBJC_ISA_USAGE = YES_ERROR;
				CLANG_WARN_EMPTY_BODY = YES;
				CLANG_WARN_ENUM_CONVERSION = YES;
				CLANG_WARN_INT_CONVERSION = YES;
				CLANG_WARN_OBJC_ROOT_CLASS = YES_ERROR;
				CLANG_WARN_UNREACHABLE_CODE = YES;
				CLANG_WARN__DUPLICATE_METHOD_MATCH = YES;
				COPY_PHASE_STRIP = NO;
				DEBUG_INFORMATION_FORMAT = "dwarf-with-dsym";
				ENABLE_NS_ASSERTIONS = NO;
				ENABLE_STRICT_OBJC_MSGSEND = YES;
				GCC_C_LANGUAGE_STANDARD = gnu99;
				GCC_NO_COMMON_BLOCKS = YES;
				GCC_WARN_64_TO_32_BIT_CONVERSION = YES;
				GCC_WARN_ABOUT_RETURN_TYPE = YES_ERROR;
				GCC_WARN_UNDECLARED_SELECTOR = YES;
				GCC_WARN_UNINITIALIZED_AUTOS = YES_AGGRESSIVE;
				GCC_WARN_UNUSED_FUNCTION = YES;
				GCC_WARN_UNUSED_VARIABLE = YES;
				MACOSX_DEPLOYMENT_TARGET = 10.10;
				MTL_ENABLE_DEBUG_INFO = NO;
				SDKROOT = macosx;
			};
			name = Release;
		};
		441E3B051BD79FDE004CEC19 /* Debug */ = {
			isa = XCBuildConfiguration;
			buildSettings = {
				PRODUCT_NAME = LSQTG;
			};
			name = Debug;
		};
		441E3B061BD79FDE004CEC19 /* Release */ = {
			isa = XCBuildConfiguration;
			buildSettings = {
				PRODUCT_NAME = LSQTG;
			};
			name = Release;
		};
/* End XCBuildConfiguration section */

/* Begin XCConfigurationList section */
		441E3AF81BD79FDE004CEC19 /* Build configuration list for PBXProject "dataStructures" */ = {
			isa = XCConfigurationList;
			buildConfigurations = (
				441E3B021BD79FDE004CEC19 /* Debug */,
				441E3B031BD79FDE004CEC19 /* Release */,
			);
			defaultConfigurationIsVisible = 0;
			defaultConfigurationName = Release;
		};
		441E3B041BD79FDE004CEC19 /* Build configuration list for PBXNativeTarget "dataStructures" */ = {
			isa = XCConfigurationList;
			buildConfigurations = (
				441E3B051BD79FDE004CEC19 /* Debug */,
				441E3B061BD79FDE004CEC19 /* Release */,
			);
			defaultConfigurationIsVisible = 0;
			defaultConfigurationName = Release;
		};
/* End XCConfigurationList section */
	};
	rootObject = 441E3AF51BD79FDE004CEC19 /* Project object */;
}
